
Microsoft Visual Studio Solution File, Format Version 12.00
# Visual Studio Version 16
VisualStudioVersion = 16.0.29503.13
MinimumVisualStudioVersion = 10.0.40219.1
Project("{FAE04EC0-301F-11D3-BF4B-00C04F79EFBC}") = "Statki", "Statki.csproj", "{574D12B6-5C16-462C-AF46-C3944DA697C3}"
EndProject
Global
	GlobalSection(SolutionConfigurationPlatforms) = preSolution
		Debug|Any CPU = Debug|Any CPU
		Release|Any CPU = Release|Any CPU
	EndGlobalSection
	GlobalSection(ProjectConfigurationPlatforms) = postSolution
		{574D12B6-5C16-462C-AF46-C3944DA697C3}.Debug|Any CPU.ActiveCfg = Debug|Any CPU
		{574D12B6-5C16-462C-AF46-C3944DA697C3}.Debug|Any CPU.Build.0 = Debug|Any CPU
		{574D12B6-5C16-462C-AF46-C3944DA697C3}.Release|Any CPU.ActiveCfg = Release|Any CPU
		{574D12B6-5C16-462C-AF46-C3944DA697C3}.Release|Any CPU.Build.0 = Release|Any CPU
	EndGlobalSection
	GlobalSection(SolutionProperties) = preSolution
		HideSolutionNode = FALSE
	EndGlobalSection
	GlobalSection(ExtensibilityGlobals) = postSolution
		SolutionGuid = {05DFA5A2-4843-47AA-BF42-F50110BEF11B}
	EndGlobalSection
EndGlobal
